
Microsoft Visual Studio Solution File, Format Version 12.00
# Visual Studio Version 17
VisualStudioVersion = 17.13.35806.99 d17.13
MinimumVisualStudioVersion = 10.0.40219.1
Project("{FAE04EC0-301F-11D3-BF4B-00C04F79EFBC}") = "WebApplication1", "WebApplication1\WebApplication1.csproj", "{3F676969-9EAD-48A9-A270-66C2BA0AAFAC}"
EndProject
Global
	GlobalSection(SolutionConfigurationPlatforms) = preSolution
		Debug|Any CPU = Debug|Any CPU
		Release|Any CPU = Release|Any CPU
	EndGlobalSection
	GlobalSection(ProjectConfigurationPlatforms) = postSolution
		{3F676969-9EAD-48A9-A270-66C2BA0AAFAC}.Debug|Any CPU.ActiveCfg = Debug|Any CPU
		{3F676969-9EAD-48A9-A270-66C2BA0AAFAC}.Debug|Any CPU.Build.0 = Debug|Any CPU
		{3F676969-9EAD-48A9-A270-66C2BA0AAFAC}.Release|Any CPU.ActiveCfg = Release|Any CPU
		{3F676969-9EAD-48A9-A270-66C2BA0AAFAC}.Release|Any CPU.Build.0 = Release|Any CPU
	EndGlobalSection
	GlobalSection(SolutionProperties) = preSolution
		HideSolutionNode = FALSE
	EndGlobalSection
	GlobalSection(ExtensibilityGlobals) = postSolution
		SolutionGuid = {863E8C48-2C0E-4079-BBF0-AC78BC9DF7B1}
	EndGlobalSection
EndGlobal
